
Microsoft Visual Studio Solution File, Format Version 11.00
# Visual Studio 2010
Project("{2150E333-8FDC-42A3-9474-1A3956D46DE8}") = "examples", "examples", "{6F4FEC92-D5E8-4185-A629-65FD576ED37F}"
EndProject
Project("{2150E333-8FDC-42A3-9474-1A3956D46DE8}") = "libs", "libs", "{76E7408E-3792-49A2-B2F2-E95756C06A49}"
EndProject
Project("{8BC9CEB8-8B4A-11D0-8D11-00A0C91BC942}") = "xtests.core", "projects\core\vc10\xtests.core.vcxproj", "{B1C8AE78-41F1-4176-AE0C-DEE491424EA8}"
EndProject
Project("{2150E333-8FDC-42A3-9474-1A3956D46DE8}") = "Solution Items", "Solution Items", "{1EF64444-D8FC-419A-98F1-B423304A1DE4}"
	ProjectSection(SolutionItems) = preProject
		README.md = README.md
	EndProjectSection
EndProject
Project("{2150E333-8FDC-42A3-9474-1A3956D46DE8}") = "test", "test", "{206F8EB7-9AC1-4AAD-89A5-1AE705ECB5F5}"
EndProject
Project("{2150E333-8FDC-42A3-9474-1A3956D46DE8}") = "component", "component", "{1C52FBB7-0776-4648-BBB8-575CCEEC716A}"
EndProject
Project("{2150E333-8FDC-42A3-9474-1A3956D46DE8}") = "performance", "performance", "{1FE5BD17-2D1E-43CF-984B-F6F403CEA882}"
EndProject
Project("{2150E333-8FDC-42A3-9474-1A3956D46DE8}") = "scratch", "scratch", "{954CB85B-5498-4662-85D8-393CB8511F7D}"
EndProject
Project("{8BC9CEB8-8B4A-11D0-8D11-00A0C91BC942}") = "test.scratch.basics1", "test\scratch\test.scratch.basics1\vc10\test.scratch.basics1.vcxproj", "{8454A4B7-34B1-43D2-8ECF-EBAC8E800EF2}"
	ProjectSection(ProjectDependencies) = postProject
		{B1C8AE78-41F1-4176-AE0C-DEE491424EA8} = {B1C8AE78-41F1-4176-AE0C-DEE491424EA8}
	EndProjectSection
EndProject
Project("{8BC9CEB8-8B4A-11D0-8D11-00A0C91BC942}") = "test.scratch.basics2", "test\scratch\test.scratch.basics2\vc10\test.scratch.basics2.vcxproj", "{5E7229D5-F595-46DD-8EB7-2A675F651470}"
	ProjectSection(ProjectDependencies) = postProject
		{B1C8AE78-41F1-4176-AE0C-DEE491424EA8} = {B1C8AE78-41F1-4176-AE0C-DEE491424EA8}
	EndProjectSection
EndProject
Project("{8BC9CEB8-8B4A-11D0-8D11-00A0C91BC942}") = "test.scratch.fail_all.1", "test\scratch\test.scratch.fail_all.1\vc10\test.scratch.fail_all.1.vcxproj", "{3F43074B-E6D0-4F2D-8B8A-75C3E39758A6}"
	ProjectSection(ProjectDependencies) = postProject
		{B1C8AE78-41F1-4176-AE0C-DEE491424EA8} = {B1C8AE78-41F1-4176-AE0C-DEE491424EA8}
	EndProjectSection
EndProject
Project("{8BC9CEB8-8B4A-11D0-8D11-00A0C91BC942}") = "test.scratch.setup.fail", "test\scratch\test.scratch.setup.fail\vc10\test.scratch.setup.fail.vcxproj", "{6DA43516-DA50-46FF-A65D-E37F7CE5706B}"
	ProjectSection(ProjectDependencies) = postProject
		{B1C8AE78-41F1-4176-AE0C-DEE491424EA8} = {B1C8AE78-41F1-4176-AE0C-DEE491424EA8}
	EndProjectSection
EndProject
Project("{8BC9CEB8-8B4A-11D0-8D11-00A0C91BC942}") = "test.scratch.string_slices.c", "test\scratch\test.scratch.string_slices.c\vc10\test.scratch.string_slices.c.vcxproj", "{DD4ECD42-CA57-4963-B39C-E7F7FB25291D}"
	ProjectSection(ProjectDependencies) = postProject
		{B1C8AE78-41F1-4176-AE0C-DEE491424EA8} = {B1C8AE78-41F1-4176-AE0C-DEE491424EA8}
	EndProjectSection
EndProject
Project("{8BC9CEB8-8B4A-11D0-8D11-00A0C91BC942}") = "test.scratch.temp_directory", "test\scratch\test.scratch.temp_directory\vc10\test.scratch.temp_directory.vcxproj", "{5B4F8F7F-50C4-4FD0-B9EE-150BDC77189E}"
	ProjectSection(ProjectDependencies) = postProject
		{B1C8AE78-41F1-4176-AE0C-DEE491424EA8} = {B1C8AE78-41F1-4176-AE0C-DEE491424EA8}
	EndProjectSection
EndProject
Project("{8BC9CEB8-8B4A-11D0-8D11-00A0C91BC942}") = "test.scratch.temp_file", "test\scratch\test.scratch.temp_file\vc10\test.scratch.temp_file.vcxproj", "{278222C2-5C52-4C4F-BD2B-E602049DEFBC}"
	ProjectSection(ProjectDependencies) = postProject
		{B1C8AE78-41F1-4176-AE0C-DEE491424EA8} = {B1C8AE78-41F1-4176-AE0C-DEE491424EA8}
	EndProjectSection
EndProject
Project("{8BC9CEB8-8B4A-11D0-8D11-00A0C91BC942}") = "test.scratch.verbosity_levels", "test\scratch\test.scratch.verbosity_levels\vc10\test.scratch.verbosity_levels.vcxproj", "{915738F2-78AF-4EC9-B4D9-9099868C7B0A}"
	ProjectSection(ProjectDependencies) = postProject
		{B1C8AE78-41F1-4176-AE0C-DEE491424EA8} = {B1C8AE78-41F1-4176-AE0C-DEE491424EA8}
	EndProjectSection
EndProject
Project("{2150E333-8FDC-42A3-9474-1A3956D46DE8}") = "unit", "unit", "{7BC83105-23C4-439B-8E72-952C8F7A48E9}"
EndProject
Project("{2150E333-8FDC-42A3-9474-1A3956D46DE8}") = "tools", "tools", "{44828E5E-F6C8-4E4B-9313-F510E657A786}"
EndProject
Global
	GlobalSection(SolutionConfigurationPlatforms) = preSolution
		Debug Multithreaded|Win32 = Debug Multithreaded|Win32
		Debug Multithreaded|x64 = Debug Multithreaded|x64
		Release Multithreaded|Win32 = Release Multithreaded|Win32
		Release Multithreaded|x64 = Release Multithreaded|x64
	EndGlobalSection
	GlobalSection(ProjectConfigurationPlatforms) = postSolution
		{B1C8AE78-41F1-4176-AE0C-DEE491424EA8}.Debug Multithreaded|Win32.ActiveCfg = Debug Multithreaded|Win32
		{B1C8AE78-41F1-4176-AE0C-DEE491424EA8}.Debug Multithreaded|Win32.Build.0 = Debug Multithreaded|Win32
		{B1C8AE78-41F1-4176-AE0C-DEE491424EA8}.Debug Multithreaded|x64.ActiveCfg = Debug Multithreaded|x64
		{B1C8AE78-41F1-4176-AE0C-DEE491424EA8}.Debug Multithreaded|x64.Build.0 = Debug Multithreaded|x64
		{B1C8AE78-41F1-4176-AE0C-DEE491424EA8}.Release Multithreaded|Win32.ActiveCfg = Release Multithreaded|Win32
		{B1C8AE78-41F1-4176-AE0C-DEE491424EA8}.Release Multithreaded|Win32.Build.0 = Release Multithreaded|Win32
		{B1C8AE78-41F1-4176-AE0C-DEE491424EA8}.Release Multithreaded|x64.ActiveCfg = Release Multithreaded|x64
		{B1C8AE78-41F1-4176-AE0C-DEE491424EA8}.Release Multithreaded|x64.Build.0 = Release Multithreaded|x64
		{8454A4B7-34B1-43D2-8ECF-EBAC8E800EF2}.Debug Multithreaded|Win32.ActiveCfg = Debug Multithreaded|Win32
		{8454A4B7-34B1-43D2-8ECF-EBAC8E800EF2}.Debug Multithreaded|Win32.Build.0 = Debug Multithreaded|Win32
		{8454A4B7-34B1-43D2-8ECF-EBAC8E800EF2}.Debug Multithreaded|x64.ActiveCfg = Debug Multithreaded|x64
		{8454A4B7-34B1-43D2-8ECF-EBAC8E800EF2}.Debug Multithreaded|x64.Build.0 = Debug Multithreaded|x64
		{8454A4B7-34B1-43D2-8ECF-EBAC8E800EF2}.Release Multithreaded|Win32.ActiveCfg = Release Multithreaded|Win32
		{8454A4B7-34B1-43D2-8ECF-EBAC8E800EF2}.Release Multithreaded|Win32.Build.0 = Release Multithreaded|Win32
		{8454A4B7-34B1-43D2-8ECF-EBAC8E800EF2}.Release Multithreaded|x64.ActiveCfg = Release Multithreaded|x64
		{8454A4B7-34B1-43D2-8ECF-EBAC8E800EF2}.Release Multithreaded|x64.Build.0 = Release Multithreaded|x64
		{5E7229D5-F595-46DD-8EB7-2A675F651470}.Debug Multithreaded|Win32.ActiveCfg = Debug Multithreaded|Win32
		{5E7229D5-F595-46DD-8EB7-2A675F651470}.Debug Multithreaded|Win32.Build.0 = Debug Multithreaded|Win32
		{5E7229D5-F595-46DD-8EB7-2A675F651470}.Debug Multithreaded|x64.ActiveCfg = Debug Multithreaded|x64
		{5E7229D5-F595-46DD-8EB7-2A675F651470}.Debug Multithreaded|x64.Build.0 = Debug Multithreaded|x64
		{5E7229D5-F595-46DD-8EB7-2A675F651470}.Release Multithreaded|Win32.ActiveCfg = Release Multithreaded|Win32
		{5E7229D5-F595-46DD-8EB7-2A675F651470}.Release Multithreaded|Win32.Build.0 = Release Multithreaded|Win32
		{5E7229D5-F595-46DD-8EB7-2A675F651470}.Release Multithreaded|x64.ActiveCfg = Release Multithreaded|x64
		{5E7229D5-F595-46DD-8EB7-2A675F651470}.Release Multithreaded|x64.Build.0 = Release Multithreaded|x64
		{3F43074B-E6D0-4F2D-8B8A-75C3E39758A6}.Debug Multithreaded|Win32.ActiveCfg = Debug Multithreaded|Win32
		{3F43074B-E6D0-4F2D-8B8A-75C3E39758A6}.Debug Multithreaded|Win32.Build.0 = Debug Multithreaded|Win32
		{3F43074B-E6D0-4F2D-8B8A-75C3E39758A6}.Debug Multithreaded|x64.ActiveCfg = Debug Multithreaded|x64
		{3F43074B-E6D0-4F2D-8B8A-75C3E39758A6}.Debug Multithreaded|x64.Build.0 = Debug Multithreaded|x64
		{3F43074B-E6D0-4F2D-8B8A-75C3E39758A6}.Release Multithreaded|Win32.ActiveCfg = Release Multithreaded|Win32
		{3F43074B-E6D0-4F2D-8B8A-75C3E39758A6}.Release Multithreaded|Win32.Build.0 = Release Multithreaded|Win32
		{3F43074B-E6D0-4F2D-8B8A-75C3E39758A6}.Release Multithreaded|x64.ActiveCfg = Release Multithreaded|x64
		{3F43074B-E6D0-4F2D-8B8A-75C3E39758A6}.Release Multithreaded|x64.Build.0 = Release Multithreaded|x64
		{6DA43516-DA50-46FF-A65D-E37F7CE5706B}.Debug Multithreaded|Win32.ActiveCfg = Debug Multithreaded|Win32
		{6DA43516-DA50-46FF-A65D-E37F7CE5706B}.Debug Multithreaded|Win32.Build.0 = Debug Multithreaded|Win32
		{6DA43516-DA50-46FF-A65D-E37F7CE5706B}.Debug Multithreaded|x64.ActiveCfg = Debug Multithreaded|x64
		{6DA43516-DA50-46FF-A65D-E37F7CE5706B}.Debug Multithreaded|x64.Build.0 = Debug Multithreaded|x64
		{6DA43516-DA50-46FF-A65D-E37F7CE5706B}.Release Multithreaded|Win32.ActiveCfg = Release Multithreaded|Win32
		{6DA43516-DA50-46FF-A65D-E37F7CE5706B}.Release Multithreaded|Win32.Build.0 = Release Multithreaded|Win32
		{6DA43516-DA50-46FF-A65D-E37F7CE5706B}.Release Multithreaded|x64.ActiveCfg = Release Multithreaded|x64
		{6DA43516-DA50-46FF-A65D-E37F7CE5706B}.Release Multithreaded|x64.Build.0 = Release Multithreaded|x64
		{DD4ECD42-CA57-4963-B39C-E7F7FB25291D}.Debug Multithreaded|Win32.ActiveCfg = Debug Multithreaded|Win32
		{DD4ECD42-CA57-4963-B39C-E7F7FB25291D}.Debug Multithreaded|Win32.Build.0 = Debug Multithreaded|Win32
		{DD4ECD42-CA57-4963-B39C-E7F7FB25291D}.Debug Multithreaded|x64.ActiveCfg = Debug Multithreaded|x64
		{DD4ECD42-CA57-4963-B39C-E7F7FB25291D}.Debug Multithreaded|x64.Build.0 = Debug Multithreaded|x64
		{DD4ECD42-CA57-4963-B39C-E7F7FB25291D}.Release Multithreaded|Win32.ActiveCfg = Release Multithreaded|Win32
		{DD4ECD42-CA57-4963-B39C-E7F7FB25291D}.Release Multithreaded|Win32.Build.0 = Release Multithreaded|Win32
		{DD4ECD42-CA57-4963-B39C-E7F7FB25291D}.Release Multithreaded|x64.ActiveCfg = Release Multithreaded|x64
		{DD4ECD42-CA57-4963-B39C-E7F7FB25291D}.Release Multithreaded|x64.Build.0 = Release Multithreaded|x64
		{5B4F8F7F-50C4-4FD0-B9EE-150BDC77189E}.Debug Multithreaded|Win32.ActiveCfg = Debug Multithreaded|Win32
		{5B4F8F7F-50C4-4FD0-B9EE-150BDC77189E}.Debug Multithreaded|Win32.Build.0 = Debug Multithreaded|Win32
		{5B4F8F7F-50C4-4FD0-B9EE-150BDC77189E}.Debug Multithreaded|x64.ActiveCfg = Debug Multithreaded|x64
		{5B4F8F7F-50C4-4FD0-B9EE-150BDC77189E}.Debug Multithreaded|x64.Build.0 = Debug Multithreaded|x64
		{5B4F8F7F-50C4-4FD0-B9EE-150BDC77189E}.Release Multithreaded|Win32.ActiveCfg = Release Multithreaded|Win32
		{5B4F8F7F-50C4-4FD0-B9EE-150BDC77189E}.Release Multithreaded|Win32.Build.0 = Release Multithreaded|Win32
		{5B4F8F7F-50C4-4FD0-B9EE-150BDC77189E}.Release Multithreaded|x64.ActiveCfg = Release Multithreaded|x64
		{5B4F8F7F-50C4-4FD0-B9EE-150BDC77189E}.Release Multithreaded|x64.Build.0 = Release Multithreaded|x64
		{278222C2-5C52-4C4F-BD2B-E602049DEFBC}.Debug Multithreaded|Win32.ActiveCfg = Debug Multithreaded|Win32
		{278222C2-5C52-4C4F-BD2B-E602049DEFBC}.Debug Multithreaded|Win32.Build.0 = Debug Multithreaded|Win32
		{278222C2-5C52-4C4F-BD2B-E602049DEFBC}.Debug Multithreaded|x64.ActiveCfg = Debug Multithreaded|x64
		{278222C2-5C52-4C4F-BD2B-E602049DEFBC}.Debug Multithreaded|x64.Build.0 = Debug Multithreaded|x64
		{278222C2-5C52-4C4F-BD2B-E602049DEFBC}.Release Multithreaded|Win32.ActiveCfg = Release Multithreaded|Win32
		{278222C2-5C52-4C4F-BD2B-E602049DEFBC}.Release Multithreaded|Win32.Build.0 = Release Multithreaded|Win32
		{278222C2-5C52-4C4F-BD2B-E602049DEFBC}.Release Multithreaded|x64.ActiveCfg = Release Multithreaded|x64
		{278222C2-5C52-4C4F-BD2B-E602049DEFBC}.Release Multithreaded|x64.Build.0 = Release Multithreaded|x64
		{915738F2-78AF-4EC9-B4D9-9099868C7B0A}.Debug Multithreaded|Win32.ActiveCfg = Debug Multithreaded|Win32
		{915738F2-78AF-4EC9-B4D9-9099868C7B0A}.Debug Multithreaded|Win32.Build.0 = Debug Multithreaded|Win32
		{915738F2-78AF-4EC9-B4D9-9099868C7B0A}.Debug Multithreaded|x64.ActiveCfg = Debug Multithreaded|x64
		{915738F2-78AF-4EC9-B4D9-9099868C7B0A}.Debug Multithreaded|x64.Build.0 = Debug Multithreaded|x64
		{915738F2-78AF-4EC9-B4D9-9099868C7B0A}.Release Multithreaded|Win32.ActiveCfg = Release Multithreaded|Win32
		{915738F2-78AF-4EC9-B4D9-9099868C7B0A}.Release Multithreaded|Win32.Build.0 = Release Multithreaded|Win32
		{915738F2-78AF-4EC9-B4D9-9099868C7B0A}.Release Multithreaded|x64.ActiveCfg = Release Multithreaded|x64
		{915738F2-78AF-4EC9-B4D9-9099868C7B0A}.Release Multithreaded|x64.Build.0 = Release Multithreaded|x64
	EndGlobalSection
	GlobalSection(SolutionProperties) = preSolution
		HideSolutionNode = FALSE
	EndGlobalSection
	GlobalSection(NestedProjects) = preSolution
		{B1C8AE78-41F1-4176-AE0C-DEE491424EA8} = {76E7408E-3792-49A2-B2F2-E95756C06A49}
		{1C52FBB7-0776-4648-BBB8-575CCEEC716A} = {206F8EB7-9AC1-4AAD-89A5-1AE705ECB5F5}
		{1FE5BD17-2D1E-43CF-984B-F6F403CEA882} = {206F8EB7-9AC1-4AAD-89A5-1AE705ECB5F5}
		{954CB85B-5498-4662-85D8-393CB8511F7D} = {206F8EB7-9AC1-4AAD-89A5-1AE705ECB5F5}
		{7BC83105-23C4-439B-8E72-952C8F7A48E9} = {206F8EB7-9AC1-4AAD-89A5-1AE705ECB5F5}
		{8454A4B7-34B1-43D2-8ECF-EBAC8E800EF2} = {954CB85B-5498-4662-85D8-393CB8511F7D}
		{5E7229D5-F595-46DD-8EB7-2A675F651470} = {954CB85B-5498-4662-85D8-393CB8511F7D}
		{3F43074B-E6D0-4F2D-8B8A-75C3E39758A6} = {954CB85B-5498-4662-85D8-393CB8511F7D}
		{6DA43516-DA50-46FF-A65D-E37F7CE5706B} = {954CB85B-5498-4662-85D8-393CB8511F7D}
		{DD4ECD42-CA57-4963-B39C-E7F7FB25291D} = {954CB85B-5498-4662-85D8-393CB8511F7D}
		{5B4F8F7F-50C4-4FD0-B9EE-150BDC77189E} = {954CB85B-5498-4662-85D8-393CB8511F7D}
		{278222C2-5C52-4C4F-BD2B-E602049DEFBC} = {954CB85B-5498-4662-85D8-393CB8511F7D}
		{915738F2-78AF-4EC9-B4D9-9099868C7B0A} = {954CB85B-5498-4662-85D8-393CB8511F7D}
	EndGlobalSection
EndGlobal
